
Microsoft Visual Studio Solution File, Format Version 12.00
# Visual Studio Version 16
VisualStudioVersion = 16.0.31729.503
MinimumVisualStudioVersion = 10.0.40219.1
Project("{FAE04EC0-301F-11D3-BF4B-00C04F79EFBC}") = "QuitoText 1.0", "QuitoText 1.0.csproj", "{A5CABD58-F99F-472E-9EFC-5C8C33ABC85D}"
EndProject
Global
	GlobalSection(SolutionConfigurationPlatforms) = preSolution
		Debug|Any CPU = Debug|Any CPU
		Release|Any CPU = Release|Any CPU
	EndGlobalSection
	GlobalSection(ProjectConfigurationPlatforms) = postSolution
		{A5CABD58-F99F-472E-9EFC-5C8C33ABC85D}.Debug|Any CPU.ActiveCfg = Debug|Any CPU
		{A5CABD58-F99F-472E-9EFC-5C8C33ABC85D}.Debug|Any CPU.Build.0 = Debug|Any CPU
		{A5CABD58-F99F-472E-9EFC-5C8C33ABC85D}.Release|Any CPU.ActiveCfg = Release|Any CPU
		{A5CABD58-F99F-472E-9EFC-5C8C33ABC85D}.Release|Any CPU.Build.0 = Release|Any CPU
	EndGlobalSection
	GlobalSection(SolutionProperties) = preSolution
		HideSolutionNode = FALSE
	EndGlobalSection
	GlobalSection(ExtensibilityGlobals) = postSolution
		SolutionGuid = {C861BA1A-30A7-4AD0-9FFF-66CBF777FAC3}
	EndGlobalSection
EndGlobal
